// !$*UTF8*$!
{
	archiveVersion = 1;
	classes = {
	};
	objectVersion = 50;
	objects = {

/* Begin PBXBuildFile section */
		523CC3C825C31E4A001A118E /* RepositoriesNetworkClient.swift in Sources */ = {isa = PBXBuildFile; fileRef = 523CC3C725C31E4A001A118E /* RepositoriesNetworkClient.swift */; };
		5241D91F25C42834005A683E /* RepositoryCoreData.swift in Sources */ = {isa = PBXBuildFile; fileRef = 5241D91E25C42834005A683E /* RepositoryCoreData.swift */; };
		524BC9A125C1BAF600754DE2 /* AppDelegate.swift in Sources */ = {isa = PBXBuildFile; fileRef = 524BC9A025C1BAF600754DE2 /* AppDelegate.swift */; };
		524BC9A325C1BAF600754DE2 /* SceneDelegate.swift in Sources */ = {isa = PBXBuildFile; fileRef = 524BC9A225C1BAF600754DE2 /* SceneDelegate.swift */; };
		524BC9AA25C1BAF800754DE2 /* Assets.xcassets in Resources */ = {isa = PBXBuildFile; fileRef = 524BC9A925C1BAF800754DE2 /* Assets.xcassets */; };
		524BC9AD25C1BAF800754DE2 /* LaunchScreen.storyboard in Resources */ = {isa = PBXBuildFile; fileRef = 524BC9AB25C1BAF800754DE2 /* LaunchScreen.storyboard */; };
		524BC9B825C1BAF900754DE2 /* IdeasWorldTestTests.swift in Sources */ = {isa = PBXBuildFile; fileRef = 524BC9B725C1BAF900754DE2 /* IdeasWorldTestTests.swift */; };
		524BC9C325C1BAF900754DE2 /* IdeasWorldTestUITests.swift in Sources */ = {isa = PBXBuildFile; fileRef = 524BC9C225C1BAF900754DE2 /* IdeasWorldTestUITests.swift */; };
		524BC9F725C1C93400754DE2 /* URLSession.swift in Sources */ = {isa = PBXBuildFile; fileRef = 524BC9F625C1C93400754DE2 /* URLSession.swift */; };
		524BC9FC25C1C9B100754DE2 /* HTTPStatusCode.swift in Sources */ = {isa = PBXBuildFile; fileRef = 524BC9FB25C1C9B100754DE2 /* HTTPStatusCode.swift */; };
		524BCA0125C1CA2000754DE2 /* NetworkingError.swift in Sources */ = {isa = PBXBuildFile; fileRef = 524BCA0025C1CA2000754DE2 /* NetworkingError.swift */; };
		524BCA0625C1CAE300754DE2 /* GetRequest.swift in Sources */ = {isa = PBXBuildFile; fileRef = 524BCA0525C1CAE300754DE2 /* GetRequest.swift */; };
		524BCA0D25C1CB2F00754DE2 /* NetworkFactory.swift in Sources */ = {isa = PBXBuildFile; fileRef = 524BCA0C25C1CB2F00754DE2 /* NetworkFactory.swift */; };
		524BCA1225C1CC4200754DE2 /* Parameters.swift in Sources */ = {isa = PBXBuildFile; fileRef = 524BCA1125C1CC4200754DE2 /* Parameters.swift */; };
		524BCA1725C1CFBC00754DE2 /* NetworkResultHandler.swift in Sources */ = {isa = PBXBuildFile; fileRef = 524BCA1625C1CFBC00754DE2 /* NetworkResultHandler.swift */; };
		524BCA2625C1D20400754DE2 /* RepositoriesViewModel.swift in Sources */ = {isa = PBXBuildFile; fileRef = 524BCA2525C1D20400754DE2 /* RepositoriesViewModel.swift */; };
		52621EE725C1D3AB00AC7BAA /* EmptyParameters.swift in Sources */ = {isa = PBXBuildFile; fileRef = 52621EE625C1D3AB00AC7BAA /* EmptyParameters.swift */; };
		52621EEF25C1D52E00AC7BAA /* SearchParameters.swift in Sources */ = {isa = PBXBuildFile; fileRef = 52621EEE25C1D52E00AC7BAA /* SearchParameters.swift */; };
		52621EF425C1D5E100AC7BAA /* Dictionary.swift in Sources */ = {isa = PBXBuildFile; fileRef = 52621EF325C1D5E000AC7BAA /* Dictionary.swift */; };
		52621F0425C1E37900AC7BAA /* DataBase.xcdatamodeld in Sources */ = {isa = PBXBuildFile; fileRef = 52621F0225C1E37900AC7BAA /* DataBase.xcdatamodeld */; };
		52621F0925C1EADD00AC7BAA /* CoreDataStore.swift in Sources */ = {isa = PBXBuildFile; fileRef = 52621F0825C1EADD00AC7BAA /* CoreDataStore.swift */; };
		52621F0F25C1EC2D00AC7BAA /* RepositoryRequestFactory.swift in Sources */ = {isa = PBXBuildFile; fileRef = 52621F0E25C1EC2D00AC7BAA /* RepositoryRequestFactory.swift */; };
		52621F1725C1EDF700AC7BAA /* RepositoryFactory.swift in Sources */ = {isa = PBXBuildFile; fileRef = 52621F1625C1EDF700AC7BAA /* RepositoryFactory.swift */; };
		52621F1C25C1EE2400AC7BAA /* Repository.swift in Sources */ = {isa = PBXBuildFile; fileRef = 52621F1B25C1EE2400AC7BAA /* Repository.swift */; };
		52621F2525C1EEF300AC7BAA /* User.swift in Sources */ = {isa = PBXBuildFile; fileRef = 52621F2425C1EEF300AC7BAA /* User.swift */; };
		52B315CF25C321C80021EA4D /* RepositoriesConstantsProtocol.swift in Sources */ = {isa = PBXBuildFile; fileRef = 52B315CE25C321C80021EA4D /* RepositoriesConstantsProtocol.swift */; };
		52B315D525C321FD0021EA4D /* Api.plist in Resources */ = {isa = PBXBuildFile; fileRef = 52B315D425C321FD0021EA4D /* Api.plist */; };
		52B315DA25C3230B0021EA4D /* Api.swift in Sources */ = {isa = PBXBuildFile; fileRef = 52B315D925C3230B0021EA4D /* Api.swift */; };
		52B315DF25C324230021EA4D /* DecoderPlist.swift in Sources */ = {isa = PBXBuildFile; fileRef = 52B315DE25C324230021EA4D /* DecoderPlist.swift */; };
		52B315E425C325E50021EA4D /* DiContainer.swift in Sources */ = {isa = PBXBuildFile; fileRef = 52B315E325C325E50021EA4D /* DiContainer.swift */; };
		52B315F525C32C8E0021EA4D /* Log.swift in Sources */ = {isa = PBXBuildFile; fileRef = 52B315F425C32C8E0021EA4D /* Log.swift */; };
		52B3160C25C339710021EA4D /* DetailInfoViewModel.swift in Sources */ = {isa = PBXBuildFile; fileRef = 52B3160B25C339710021EA4D /* DetailInfoViewModel.swift */; };
		52B3161725C3399C0021EA4D /* UserConstants.swift in Sources */ = {isa = PBXBuildFile; fileRef = 52B3161625C3399C0021EA4D /* UserConstants.swift */; };
		52B3161F25C33B500021EA4D /* UserPlaceholder.swift in Sources */ = {isa = PBXBuildFile; fileRef = 52B3161E25C33B500021EA4D /* UserPlaceholder.swift */; };
		52B3162425C33BC40021EA4D /* UserNetworkClient.swift in Sources */ = {isa = PBXBuildFile; fileRef = 52B3162325C33BC40021EA4D /* UserNetworkClient.swift */; };
		52B3162A25C340C40021EA4D /* UserRepository.swift in Sources */ = {isa = PBXBuildFile; fileRef = 52B3162925C340C40021EA4D /* UserRepository.swift */; };
		52B36ABB25C486C1000D6E77 /* DetailInfoView.swift in Sources */ = {isa = PBXBuildFile; fileRef = 52B36ABA25C486C1000D6E77 /* DetailInfoView.swift */; };
		52B36AC325C497D6000D6E77 /* ActivityIndicator.swift in Sources */ = {isa = PBXBuildFile; fileRef = 52B36AC225C497D6000D6E77 /* ActivityIndicator.swift */; };
		52D11EFD25C1F29400677012 /* UserFactory.swift in Sources */ = {isa = PBXBuildFile; fileRef = 52D11EFC25C1F29400677012 /* UserFactory.swift */; };
		52D11F0225C1F3CD00677012 /* CoreDataConstant.swift in Sources */ = {isa = PBXBuildFile; fileRef = 52D11F0125C1F3CD00677012 /* CoreDataConstant.swift */; };
		52D11F1125C1F56100677012 /* RepositoriesResponse.swift in Sources */ = {isa = PBXBuildFile; fileRef = 52D11F1025C1F56100677012 /* RepositoriesResponse.swift */; };
		52FBC03C25C43F2800C94612 /* UserRequestFactory.swift in Sources */ = {isa = PBXBuildFile; fileRef = 52FBC03B25C43F2800C94612 /* UserRequestFactory.swift */; };
		52FBC04725C4494A00C94612 /* DetailInfoFactory.swift in Sources */ = {isa = PBXBuildFile; fileRef = 52FBC04625C4494A00C94612 /* DetailInfoFactory.swift */; };
		52FBC05525C46F3800C94612 /* RepositoriesView.swift in Sources */ = {isa = PBXBuildFile; fileRef = 52FBC05425C46F3800C94612 /* RepositoriesView.swift */; };
		52FBC05B25C470A000C94612 /* MockRepositoriesViewMode.swift in Sources */ = {isa = PBXBuildFile; fileRef = 52FBC05A25C470A000C94612 /* MockRepositoriesViewMode.swift */; };
		52FBC06125C4710400C94612 /* RepositoriesJson.json in Resources */ = {isa = PBXBuildFile; fileRef = 52FBC06025C4710400C94612 /* RepositoriesJson.json */; };
		52FBC07025C4749200C94612 /* View.swift in Sources */ = {isa = PBXBuildFile; fileRef = 52FBC06F25C4749200C94612 /* View.swift */; };
		52FBC07525C474E800C94612 /* SearchBarView.swift in Sources */ = {isa = PBXBuildFile; fileRef = 52FBC07425C474E800C94612 /* SearchBarView.swift */; };
		52FBC08025C478E200C94612 /* Throttler.swift in Sources */ = {isa = PBXBuildFile; fileRef = 52FBC07F25C478E200C94612 /* Throttler.swift */; };
/* End PBXBuildFile section */

/* Begin PBXContainerItemProxy section */
		524BC9B425C1BAF900754DE2 /* PBXContainerItemProxy */ = {
			isa = PBXContainerItemProxy;
			containerPortal = 524BC99525C1BAF500754DE2 /* Project object */;
			proxyType = 1;
			remoteGlobalIDString = 524BC99C25C1BAF500754DE2;
			remoteInfo = IdeasWorldTest;
		};
		524BC9BF25C1BAF900754DE2 /* PBXContainerItemProxy */ = {
			isa = PBXContainerItemProxy;
			containerPortal = 524BC99525C1BAF500754DE2 /* Project object */;
			proxyType = 1;
			remoteGlobalIDString = 524BC99C25C1BAF500754DE2;
			remoteInfo = IdeasWorldTest;
		};
/* End PBXContainerItemProxy section */

/* Begin PBXFileReference section */
		523CC3C725C31E4A001A118E /* RepositoriesNetworkClient.swift */ = {isa = PBXFileReference; lastKnownFileType = sourcecode.swift; path = RepositoriesNetworkClient.swift; sourceTree = "<group>"; };
		5241D91E25C42834005A683E /* RepositoryCoreData.swift */ = {isa = PBXFileReference; lastKnownFileType = sourcecode.swift; path = RepositoryCoreData.swift; sourceTree = "<group>"; };
		524BC99D25C1BAF500754DE2 /* IdeasWorldTest.app */ = {isa = PBXFileReference; explicitFileType = wrapper.application; includeInIndex = 0; path = IdeasWorldTest.app; sourceTree = BUILT_PRODUCTS_DIR; };
		524BC9A025C1BAF600754DE2 /* AppDelegate.swift */ = {isa = PBXFileReference; lastKnownFileType = sourcecode.swift; path = AppDelegate.swift; sourceTree = "<group>"; };
		524BC9A225C1BAF600754DE2 /* SceneDelegate.swift */ = {isa = PBXFileReference; lastKnownFileType = sourcecode.swift; path = SceneDelegate.swift; sourceTree = "<group>"; };
		524BC9A925C1BAF800754DE2 /* Assets.xcassets */ = {isa = PBXFileReference; lastKnownFileType = folder.assetcatalog; path = Assets.xcassets; sourceTree = "<group>"; };
		524BC9AC25C1BAF800754DE2 /* Base */ = {isa = PBXFileReference; lastKnownFileType = file.storyboard; name = Base; path = Base.lproj/LaunchScreen.storyboard; sourceTree = "<group>"; };
		524BC9AE25C1BAF800754DE2 /* Info.plist */ = {isa = PBXFileReference; lastKnownFileType = text.plist.xml; path = Info.plist; sourceTree = "<group>"; };
		524BC9B325C1BAF900754DE2 /* IdeasWorldTestTests.xctest */ = {isa = PBXFileReference; explicitFileType = wrapper.cfbundle; includeInIndex = 0; path = IdeasWorldTestTests.xctest; sourceTree = BUILT_PRODUCTS_DIR; };
		524BC9B725C1BAF900754DE2 /* IdeasWorldTestTests.swift */ = {isa = PBXFileReference; lastKnownFileType = sourcecode.swift; path = IdeasWorldTestTests.swift; sourceTree = "<group>"; };
		524BC9B925C1BAF900754DE2 /* Info.plist */ = {isa = PBXFileReference; lastKnownFileType = text.plist.xml; path = Info.plist; sourceTree = "<group>"; };
		524BC9BE25C1BAF900754DE2 /* IdeasWorldTestUITests.xctest */ = {isa = PBXFileReference; explicitFileType = wrapper.cfbundle; includeInIndex = 0; path = IdeasWorldTestUITests.xctest; sourceTree = BUILT_PRODUCTS_DIR; };
		524BC9C225C1BAF900754DE2 /* IdeasWorldTestUITests.swift */ = {isa = PBXFileReference; lastKnownFileType = sourcecode.swift; path = IdeasWorldTestUITests.swift; sourceTree = "<group>"; };
		524BC9C425C1BAF900754DE2 /* Info.plist */ = {isa = PBXFileReference; lastKnownFileType = text.plist.xml; path = Info.plist; sourceTree = "<group>"; };
		524BC9F625C1C93400754DE2 /* URLSession.swift */ = {isa = PBXFileReference; lastKnownFileType = sourcecode.swift; path = URLSession.swift; sourceTree = "<group>"; };
		524BC9FB25C1C9B100754DE2 /* HTTPStatusCode.swift */ = {isa = PBXFileReference; lastKnownFileType = sourcecode.swift; path = HTTPStatusCode.swift; sourceTree = "<group>"; };
		524BCA0025C1CA2000754DE2 /* NetworkingError.swift */ = {isa = PBXFileReference; lastKnownFileType = sourcecode.swift; path = NetworkingError.swift; sourceTree = "<group>"; };
		524BCA0525C1CAE300754DE2 /* GetRequest.swift */ = {isa = PBXFileReference; lastKnownFileType = sourcecode.swift; path = GetRequest.swift; sourceTree = "<group>"; };
		524BCA0C25C1CB2F00754DE2 /* NetworkFactory.swift */ = {isa = PBXFileReference; lastKnownFileType = sourcecode.swift; path = NetworkFactory.swift; sourceTree = "<group>"; };
		524BCA1125C1CC4200754DE2 /* Parameters.swift */ = {isa = PBXFileReference; lastKnownFileType = sourcecode.swift; path = Parameters.swift; sourceTree = "<group>"; };
		524BCA1625C1CFBC00754DE2 /* NetworkResultHandler.swift */ = {isa = PBXFileReference; lastKnownFileType = sourcecode.swift; path = NetworkResultHandler.swift; sourceTree = "<group>"; };
		524BCA2525C1D20400754DE2 /* RepositoriesViewModel.swift */ = {isa = PBXFileReference; lastKnownFileType = sourcecode.swift; path = RepositoriesViewModel.swift; sourceTree = "<group>"; };
		52621EE625C1D3AB00AC7BAA /* EmptyParameters.swift */ = {isa = PBXFileReference; lastKnownFileType = sourcecode.swift; path = EmptyParameters.swift; sourceTree = "<group>"; };
		52621EEE25C1D52E00AC7BAA /* SearchParameters.swift */ = {isa = PBXFileReference; lastKnownFileType = sourcecode.swift; path = SearchParameters.swift; sourceTree = "<group>"; };
		52621EF325C1D5E000AC7BAA /* Dictionary.swift */ = {isa = PBXFileReference; lastKnownFileType = sourcecode.swift; path = Dictionary.swift; sourceTree = "<group>"; };
		52621F0325C1E37900AC7BAA /* DataBase.xcdatamodel */ = {isa = PBXFileReference; lastKnownFileType = wrapper.xcdatamodel; path = DataBase.xcdatamodel; sourceTree = "<group>"; };
		52621F0825C1EADD00AC7BAA /* CoreDataStore.swift */ = {isa = PBXFileReference; lastKnownFileType = sourcecode.swift; path = CoreDataStore.swift; sourceTree = "<group>"; };
		52621F0E25C1EC2D00AC7BAA /* RepositoryRequestFactory.swift */ = {isa = PBXFileReference; lastKnownFileType = sourcecode.swift; path = RepositoryRequestFactory.swift; sourceTree = "<group>"; };
		52621F1625C1EDF700AC7BAA /* RepositoryFactory.swift */ = {isa = PBXFileReference; lastKnownFileType = sourcecode.swift; path = RepositoryFactory.swift; sourceTree = "<group>"; };
		52621F1B25C1EE2400AC7BAA /* Repository.swift */ = {isa = PBXFileReference; lastKnownFileType = sourcecode.swift; path = Repository.swift; sourceTree = "<group>"; };
		52621F2425C1EEF300AC7BAA /* User.swift */ = {isa = PBXFileReference; lastKnownFileType = sourcecode.swift; path = User.swift; sourceTree = "<group>"; };
		52B315CE25C321C80021EA4D /* RepositoriesConstantsProtocol.swift */ = {isa = PBXFileReference; lastKnownFileType = sourcecode.swift; path = RepositoriesConstantsProtocol.swift; sourceTree = "<group>"; };
		52B315D425C321FD0021EA4D /* Api.plist */ = {isa = PBXFileReference; lastKnownFileType = text.plist.xml; path = Api.plist; sourceTree = "<group>"; };
		52B315D925C3230B0021EA4D /* Api.swift */ = {isa = PBXFileReference; lastKnownFileType = sourcecode.swift; path = Api.swift; sourceTree = "<group>"; };
		52B315DE25C324230021EA4D /* DecoderPlist.swift */ = {isa = PBXFileReference; lastKnownFileType = sourcecode.swift; path = DecoderPlist.swift; sourceTree = "<group>"; };
		52B315E325C325E50021EA4D /* DiContainer.swift */ = {isa = PBXFileReference; lastKnownFileType = sourcecode.swift; path = DiContainer.swift; sourceTree = "<group>"; };
		52B315F425C32C8E0021EA4D /* Log.swift */ = {isa = PBXFileReference; lastKnownFileType = sourcecode.swift; path = Log.swift; sourceTree = "<group>"; };
		52B3160B25C339710021EA4D /* DetailInfoViewModel.swift */ = {isa = PBXFileReference; lastKnownFileType = sourcecode.swift; path = DetailInfoViewModel.swift; sourceTree = "<group>"; };
		52B3161625C3399C0021EA4D /* UserConstants.swift */ = {isa = PBXFileReference; lastKnownFileType = sourcecode.swift; path = UserConstants.swift; sourceTree = "<group>"; };
		52B3161E25C33B500021EA4D /* UserPlaceholder.swift */ = {isa = PBXFileReference; lastKnownFileType = sourcecode.swift; path = UserPlaceholder.swift; sourceTree = "<group>"; };
		52B3162325C33BC40021EA4D /* UserNetworkClient.swift */ = {isa = PBXFileReference; lastKnownFileType = sourcecode.swift; path = UserNetworkClient.swift; sourceTree = "<group>"; };
		52B3162925C340C40021EA4D /* UserRepository.swift */ = {isa = PBXFileReference; lastKnownFileType = sourcecode.swift; path = UserRepository.swift; sourceTree = "<group>"; };
		52B36ABA25C486C1000D6E77 /* DetailInfoView.swift */ = {isa = PBXFileReference; lastKnownFileType = sourcecode.swift; path = DetailInfoView.swift; sourceTree = "<group>"; };
		52B36AC225C497D6000D6E77 /* ActivityIndicator.swift */ = {isa = PBXFileReference; lastKnownFileType = sourcecode.swift; path = ActivityIndicator.swift; sourceTree = "<group>"; };
		52D11EFC25C1F29400677012 /* UserFactory.swift */ = {isa = PBXFileReference; lastKnownFileType = sourcecode.swift; path = UserFactory.swift; sourceTree = "<group>"; };
		52D11F0125C1F3CD00677012 /* CoreDataConstant.swift */ = {isa = PBXFileReference; lastKnownFileType = sourcecode.swift; path = CoreDataConstant.swift; sourceTree = "<group>"; };
		52D11F1025C1F56100677012 /* RepositoriesResponse.swift */ = {isa = PBXFileReference; lastKnownFileType = sourcecode.swift; path = RepositoriesResponse.swift; sourceTree = "<group>"; };
		52FBC03B25C43F2800C94612 /* UserRequestFactory.swift */ = {isa = PBXFileReference; lastKnownFileType = sourcecode.swift; path = UserRequestFactory.swift; sourceTree = "<group>"; };
		52FBC04625C4494A00C94612 /* DetailInfoFactory.swift */ = {isa = PBXFileReference; lastKnownFileType = sourcecode.swift; path = DetailInfoFactory.swift; sourceTree = "<group>"; };
		52FBC05425C46F3800C94612 /* RepositoriesView.swift */ = {isa = PBXFileReference; lastKnownFileType = sourcecode.swift; path = RepositoriesView.swift; sourceTree = "<group>"; };
		52FBC05A25C470A000C94612 /* MockRepositoriesViewMode.swift */ = {isa = PBXFileReference; lastKnownFileType = sourcecode.swift; path = MockRepositoriesViewMode.swift; sourceTree = "<group>"; };
		52FBC06025C4710400C94612 /* RepositoriesJson.json */ = {isa = PBXFileReference; lastKnownFileType = text.json; path = RepositoriesJson.json; sourceTree = "<group>"; };
		52FBC06F25C4749200C94612 /* View.swift */ = {isa = PBXFileReference; lastKnownFileType = sourcecode.swift; path = View.swift; sourceTree = "<group>"; };
		52FBC07425C474E800C94612 /* SearchBarView.swift */ = {isa = PBXFileReference; lastKnownFileType = sourcecode.swift; path = SearchBarView.swift; sourceTree = "<group>"; };
		52FBC07F25C478E200C94612 /* Throttler.swift */ = {isa = PBXFileReference; lastKnownFileType = sourcecode.swift; path = Throttler.swift; sourceTree = "<group>"; };
/* End PBXFileReference section */

/* Begin PBXFrameworksBuildPhase section */
		524BC99A25C1BAF500754DE2 /* Frameworks */ = {
			isa = PBXFrameworksBuildPhase;
			buildActionMask = 2147483647;
			files = (
			);
			runOnlyForDeploymentPostprocessing = 0;
		};
		524BC9B025C1BAF900754DE2 /* Frameworks */ = {
			isa = PBXFrameworksBuildPhase;
			buildActionMask = 2147483647;
			files = (
			);
			runOnlyForDeploymentPostprocessing = 0;
		};
		524BC9BB25C1BAF900754DE2 /* Frameworks */ = {
			isa = PBXFrameworksBuildPhase;
			buildActionMask = 2147483647;
			files = (
			);
			runOnlyForDeploymentPostprocessing = 0;
		};
/* End PBXFrameworksBuildPhase section */

/* Begin PBXGroup section */
		523CC3C625C31E35001A118E /* NetworkClient */ = {
			isa = PBXGroup;
			children = (
				52621EEE25C1D52E00AC7BAA /* SearchParameters.swift */,
				523CC3C725C31E4A001A118E /* RepositoriesNetworkClient.swift */,
			);
			path = NetworkClient;
			sourceTree = "<group>";
		};
		524BC99425C1BAF500754DE2 = {
			isa = PBXGroup;
			children = (
				524BC99F25C1BAF600754DE2 /* IdeasWorldTest */,
				524BC9B625C1BAF900754DE2 /* IdeasWorldTestTests */,
				524BC9C125C1BAF900754DE2 /* IdeasWorldTestUITests */,
				524BC99E25C1BAF500754DE2 /* Products */,
			);
			sourceTree = "<group>";
		};
		524BC99E25C1BAF500754DE2 /* Products */ = {
			isa = PBXGroup;
			children = (
				524BC99D25C1BAF500754DE2 /* IdeasWorldTest.app */,
				524BC9B325C1BAF900754DE2 /* IdeasWorldTestTests.xctest */,
				524BC9BE25C1BAF900754DE2 /* IdeasWorldTestUITests.xctest */,
			);
			name = Products;
			sourceTree = "<group>";
		};
		524BC99F25C1BAF600754DE2 /* IdeasWorldTest */ = {
			isa = PBXGroup;
			children = (
				52B315E325C325E50021EA4D /* DiContainer.swift */,
				52B315F425C32C8E0021EA4D /* Log.swift */,
				52B315D325C321EA0021EA4D /* Api */,
				524BC9EC25C1C76D00754DE2 /* Extension */,
				52621EF825C1E32300AC7BAA /* CoreData */,
				524BC9EB25C1C74C00754DE2 /* Network */,
				52FBC07E25C478D600C94612 /* Service */,
				524BCA2325C1D1CE00754DE2 /* Repositories */,
				52B3160825C3394F0021EA4D /* DetailInfo */,
				52FBC05925C4708100C94612 /* PreviewData */,
				524BC9A025C1BAF600754DE2 /* AppDelegate.swift */,
				524BC9A225C1BAF600754DE2 /* SceneDelegate.swift */,
				524BC9A925C1BAF800754DE2 /* Assets.xcassets */,
				524BC9AB25C1BAF800754DE2 /* LaunchScreen.storyboard */,
				524BC9AE25C1BAF800754DE2 /* Info.plist */,
			);
			path = IdeasWorldTest;
			sourceTree = "<group>";
		};
		524BC9B625C1BAF900754DE2 /* IdeasWorldTestTests */ = {
			isa = PBXGroup;
			children = (
				524BC9B725C1BAF900754DE2 /* IdeasWorldTestTests.swift */,
				524BC9B925C1BAF900754DE2 /* Info.plist */,
			);
			path = IdeasWorldTestTests;
			sourceTree = "<group>";
		};
		524BC9C125C1BAF900754DE2 /* IdeasWorldTestUITests */ = {
			isa = PBXGroup;
			children = (
				524BC9C225C1BAF900754DE2 /* IdeasWorldTestUITests.swift */,
				524BC9C425C1BAF900754DE2 /* Info.plist */,
			);
			path = IdeasWorldTestUITests;
			sourceTree = "<group>";
		};
		524BC9EB25C1C74C00754DE2 /* Network */ = {
			isa = PBXGroup;
			children = (
				524BCA0A25C1CB0A00754DE2 /* General */,
				524BCA0525C1CAE300754DE2 /* GetRequest.swift */,
				524BCA0C25C1CB2F00754DE2 /* NetworkFactory.swift */,
			);
			path = Network;
			sourceTree = "<group>";
		};
		524BC9EC25C1C76D00754DE2 /* Extension */ = {
			isa = PBXGroup;
			children = (
				524BC9F625C1C93400754DE2 /* URLSession.swift */,
				52621EF325C1D5E000AC7BAA /* Dictionary.swift */,
				52FBC06F25C4749200C94612 /* View.swift */,
			);
			path = Extension;
			sourceTree = "<group>";
		};
		524BCA0A25C1CB0A00754DE2 /* General */ = {
			isa = PBXGroup;
			children = (
				524BC9FB25C1C9B100754DE2 /* HTTPStatusCode.swift */,
				524BCA0025C1CA2000754DE2 /* NetworkingError.swift */,
				524BCA1625C1CFBC00754DE2 /* NetworkResultHandler.swift */,
				524BCA1125C1CC4200754DE2 /* Parameters.swift */,
				52621EE625C1D3AB00AC7BAA /* EmptyParameters.swift */,
			);
			path = General;
			sourceTree = "<group>";
		};
		524BCA2325C1D1CE00754DE2 /* Repositories */ = {
			isa = PBXGroup;
			children = (
				52B3163125C342230021EA4D /* Repository */,
				523CC3C625C31E35001A118E /* NetworkClient */,
				52D11F0F25C1F53400677012 /* Model */,
				524BCA2425C1D1DC00754DE2 /* View */,
				524BCA2525C1D20400754DE2 /* RepositoriesViewModel.swift */,
				52B315CE25C321C80021EA4D /* RepositoriesConstantsProtocol.swift */,
			);
			path = Repositories;
			sourceTree = "<group>";
		};
		524BCA2425C1D1DC00754DE2 /* View */ = {
			isa = PBXGroup;
			children = (
				52FBC05425C46F3800C94612 /* RepositoriesView.swift */,
				52FBC07425C474E800C94612 /* SearchBarView.swift */,
				52B36AC225C497D6000D6E77 /* ActivityIndicator.swift */,
			);
			path = View;
			sourceTree = "<group>";
		};
		52621EF825C1E32300AC7BAA /* CoreData */ = {
			isa = PBXGroup;
			children = (
				52621F0225C1E37900AC7BAA /* DataBase.xcdatamodeld */,
				52D11F0125C1F3CD00677012 /* CoreDataConstant.swift */,
				52621F0825C1EADD00AC7BAA /* CoreDataStore.swift */,
				52621F2325C1EEEA00AC7BAA /* User */,
				52621F0D25C1EBF900AC7BAA /* Repository */,
			);
			path = CoreData;
			sourceTree = "<group>";
		};
		52621F0D25C1EBF900AC7BAA /* Repository */ = {
			isa = PBXGroup;
			children = (
				52621F1B25C1EE2400AC7BAA /* Repository.swift */,
				52621F0E25C1EC2D00AC7BAA /* RepositoryRequestFactory.swift */,
				52621F1625C1EDF700AC7BAA /* RepositoryFactory.swift */,
			);
			path = Repository;
			sourceTree = "<group>";
		};
		52621F2325C1EEEA00AC7BAA /* User */ = {
			isa = PBXGroup;
			children = (
				52621F2425C1EEF300AC7BAA /* User.swift */,
				52D11EFC25C1F29400677012 /* UserFactory.swift */,
				52FBC03B25C43F2800C94612 /* UserRequestFactory.swift */,
			);
			path = User;
			sourceTree = "<group>";
		};
		52B315D325C321EA0021EA4D /* Api */ = {
			isa = PBXGroup;
			children = (
				52B315D425C321FD0021EA4D /* Api.plist */,
				52B315D925C3230B0021EA4D /* Api.swift */,
				52B315DE25C324230021EA4D /* DecoderPlist.swift */,
			);
			path = Api;
			sourceTree = "<group>";
		};
		52B3160825C3394F0021EA4D /* DetailInfo */ = {
			isa = PBXGroup;
			children = (
				52B3162825C340A00021EA4D /* Repository */,
				52B3160A25C339660021EA4D /* View */,
				52B3160925C339590021EA4D /* NetworkClient */,
				52B3160B25C339710021EA4D /* DetailInfoViewModel.swift */,
				52B3161625C3399C0021EA4D /* UserConstants.swift */,
				52B3161E25C33B500021EA4D /* UserPlaceholder.swift */,
				52FBC04625C4494A00C94612 /* DetailInfoFactory.swift */,
			);
			path = DetailInfo;
			sourceTree = "<group>";
		};
		52B3160925C339590021EA4D /* NetworkClient */ = {
			isa = PBXGroup;
			children = (
				52B3162325C33BC40021EA4D /* UserNetworkClient.swift */,
			);
			path = NetworkClient;
			sourceTree = "<group>";
		};
		52B3160A25C339660021EA4D /* View */ = {
			isa = PBXGroup;
			children = (
				52B36ABA25C486C1000D6E77 /* DetailInfoView.swift */,
			);
			path = View;
			sourceTree = "<group>";
		};
		52B3162825C340A00021EA4D /* Repository */ = {
			isa = PBXGroup;
			children = (
				52B3162925C340C40021EA4D /* UserRepository.swift */,
			);
			path = Repository;
			sourceTree = "<group>";
		};
		52B3163125C342230021EA4D /* Repository */ = {
			isa = PBXGroup;
			children = (
				5241D91E25C42834005A683E /* RepositoryCoreData.swift */,
			);
			path = Repository;
			sourceTree = "<group>";
		};
		52D11F0F25C1F53400677012 /* Model */ = {
			isa = PBXGroup;
			children = (
				52D11F1025C1F56100677012 /* RepositoriesResponse.swift */,
			);
			path = Model;
			sourceTree = "<group>";
		};
		52FBC05925C4708100C94612 /* PreviewData */ = {
			isa = PBXGroup;
			children = (
				52FBC05F25C470D200C94612 /* JSON */,
				52FBC05A25C470A000C94612 /* MockRepositoriesViewMode.swift */,
			);
			path = PreviewData;
			sourceTree = "<group>";
		};
		52FBC05F25C470D200C94612 /* JSON */ = {
			isa = PBXGroup;
			children = (
				52FBC06025C4710400C94612 /* RepositoriesJson.json */,
			);
			path = JSON;
			sourceTree = "<group>";
		};
		52FBC07E25C478D600C94612 /* Service */ = {
			isa = PBXGroup;
			children = (
				52FBC07F25C478E200C94612 /* Throttler.swift */,
			);
			path = Service;
			sourceTree = "<group>";
		};
/* End PBXGroup section */

/* Begin PBXNativeTarget section */
		524BC99C25C1BAF500754DE2 /* IdeasWorldTest */ = {
			isa = PBXNativeTarget;
			buildConfigurationList = 524BC9C725C1BAF900754DE2 /* Build configuration list for PBXNativeTarget "IdeasWorldTest" */;
			buildPhases = (
				524BC99925C1BAF500754DE2 /* Sources */,
				524BC99A25C1BAF500754DE2 /* Frameworks */,
				524BC99B25C1BAF500754DE2 /* Resources */,
				524BC9D325C1BF1300754DE2 /* ShellScript */,
			);
			buildRules = (
			);
			dependencies = (
			);
			name = IdeasWorldTest;
			productName = IdeasWorldTest;
			productReference = 524BC99D25C1BAF500754DE2 /* IdeasWorldTest.app */;
			productType = "com.apple.product-type.application";
		};
		524BC9B225C1BAF900754DE2 /* IdeasWorldTestTests */ = {
			isa = PBXNativeTarget;
			buildConfigurationList = 524BC9CA25C1BAF900754DE2 /* Build configuration list for PBXNativeTarget "IdeasWorldTestTests" */;
			buildPhases = (
				524BC9AF25C1BAF900754DE2 /* Sources */,
				524BC9B025C1BAF900754DE2 /* Frameworks */,
				524BC9B125C1BAF900754DE2 /* Resources */,
			);
			buildRules = (
			);
			dependencies = (
				524BC9B525C1BAF900754DE2 /* PBXTargetDependency */,
			);
			name = IdeasWorldTestTests;
			productName = IdeasWorldTestTests;
			productReference = 524BC9B325C1BAF900754DE2 /* IdeasWorldTestTests.xctest */;
			productType = "com.apple.product-type.bundle.unit-test";
		};
		524BC9BD25C1BAF900754DE2 /* IdeasWorldTestUITests */ = {
			isa = PBXNativeTarget;
			buildConfigurationList = 524BC9CD25C1BAF900754DE2 /* Build configuration list for PBXNativeTarget "IdeasWorldTestUITests" */;
			buildPhases = (
				524BC9BA25C1BAF900754DE2 /* Sources */,
				524BC9BB25C1BAF900754DE2 /* Frameworks */,
				524BC9BC25C1BAF900754DE2 /* Resources */,
			);
			buildRules = (
			);
			dependencies = (
				524BC9C025C1BAF900754DE2 /* PBXTargetDependency */,
			);
			name = IdeasWorldTestUITests;
			productName = IdeasWorldTestUITests;
			productReference = 524BC9BE25C1BAF900754DE2 /* IdeasWorldTestUITests.xctest */;
			productType = "com.apple.product-type.bundle.ui-testing";
		};
/* End PBXNativeTarget section */

/* Begin PBXProject section */
		524BC99525C1BAF500754DE2 /* Project object */ = {
			isa = PBXProject;
			attributes = {
				LastSwiftUpdateCheck = 1230;
				LastUpgradeCheck = 1230;
				TargetAttributes = {
					524BC99C25C1BAF500754DE2 = {
						CreatedOnToolsVersion = 12.3;
					};
					524BC9B225C1BAF900754DE2 = {
						CreatedOnToolsVersion = 12.3;
						TestTargetID = 524BC99C25C1BAF500754DE2;
					};
					524BC9BD25C1BAF900754DE2 = {
						CreatedOnToolsVersion = 12.3;
						TestTargetID = 524BC99C25C1BAF500754DE2;
					};
				};
			};
			buildConfigurationList = 524BC99825C1BAF500754DE2 /* Build configuration list for PBXProject "IdeasWorldTest" */;
			compatibilityVersion = "Xcode 9.3";
			developmentRegion = en;
			hasScannedForEncodings = 0;
			knownRegions = (
				en,
				Base,
			);
			mainGroup = 524BC99425C1BAF500754DE2;
			productRefGroup = 524BC99E25C1BAF500754DE2 /* Products */;
			projectDirPath = "";
			projectRoot = "";
			targets = (
				524BC99C25C1BAF500754DE2 /* IdeasWorldTest */,
				524BC9B225C1BAF900754DE2 /* IdeasWorldTestTests */,
				524BC9BD25C1BAF900754DE2 /* IdeasWorldTestUITests */,
			);
		};
/* End PBXProject section */

/* Begin PBXResourcesBuildPhase section */
		524BC99B25C1BAF500754DE2 /* Resources */ = {
			isa = PBXResourcesBuildPhase;
			buildActionMask = 2147483647;
			files = (
				524BC9AD25C1BAF800754DE2 /* LaunchScreen.storyboard in Resources */,
				52B315D525C321FD0021EA4D /* Api.plist in Resources */,
				52FBC06125C4710400C94612 /* RepositoriesJson.json in Resources */,
				524BC9AA25C1BAF800754DE2 /* Assets.xcassets in Resources */,
			);
			runOnlyForDeploymentPostprocessing = 0;
		};
		524BC9B125C1BAF900754DE2 /* Resources */ = {
			isa = PBXResourcesBuildPhase;
			buildActionMask = 2147483647;
			files = (
			);
			runOnlyForDeploymentPostprocessing = 0;
		};
		524BC9BC25C1BAF900754DE2 /* Resources */ = {
			isa = PBXResourcesBuildPhase;
			buildActionMask = 2147483647;
			files = (
			);
			runOnlyForDeploymentPostprocessing = 0;
		};
/* End PBXResourcesBuildPhase section */

/* Begin PBXShellScriptBuildPhase section */
		524BC9D325C1BF1300754DE2 /* ShellScript */ = {
			isa = PBXShellScriptBuildPhase;
			buildActionMask = 2147483647;
			files = (
			);
			inputFileListPaths = (
			);
			inputPaths = (
			);
			outputFileListPaths = (
			);
			outputPaths = (
			);
			runOnlyForDeploymentPostprocessing = 0;
			shellPath = /bin/sh;
			shellScript = "# Type a script or drag a script file from your workspace to insert its path.\nif which swiftlint >/dev/null; then\n  swiftlint\nelse\n  echo \"error: SwiftLint does not exist, download it from https://github.com/realm/SwiftLint\"\nfi\n";
		};
/* End PBXShellScriptBuildPhase section */

/* Begin PBXSourcesBuildPhase section */
		524BC99925C1BAF500754DE2 /* Sources */ = {
			isa = PBXSourcesBuildPhase;
			buildActionMask = 2147483647;
			files = (
				524BC9FC25C1C9B100754DE2 /* HTTPStatusCode.swift in Sources */,
				52621F0425C1E37900AC7BAA /* DataBase.xcdatamodeld in Sources */,
				52621EE725C1D3AB00AC7BAA /* EmptyParameters.swift in Sources */,
				52B315CF25C321C80021EA4D /* RepositoriesConstantsProtocol.swift in Sources */,
				524BC9A125C1BAF600754DE2 /* AppDelegate.swift in Sources */,
				52B3162A25C340C40021EA4D /* UserRepository.swift in Sources */,
				52B315DA25C3230B0021EA4D /* Api.swift in Sources */,
				524BCA0D25C1CB2F00754DE2 /* NetworkFactory.swift in Sources */,
				52B315E425C325E50021EA4D /* DiContainer.swift in Sources */,
				52621EEF25C1D52E00AC7BAA /* SearchParameters.swift in Sources */,
				52FBC04725C4494A00C94612 /* DetailInfoFactory.swift in Sources */,
				52FBC05525C46F3800C94612 /* RepositoriesView.swift in Sources */,
				52621F1C25C1EE2400AC7BAA /* Repository.swift in Sources */,
				52D11F0225C1F3CD00677012 /* CoreDataConstant.swift in Sources */,
				52621F2525C1EEF300AC7BAA /* User.swift in Sources */,
				52B3160C25C339710021EA4D /* DetailInfoViewModel.swift in Sources */,
				52D11F1125C1F56100677012 /* RepositoriesResponse.swift in Sources */,
				523CC3C825C31E4A001A118E /* RepositoriesNetworkClient.swift in Sources */,
				524BCA0125C1CA2000754DE2 /* NetworkingError.swift in Sources */,
				52B3161725C3399C0021EA4D /* UserConstants.swift in Sources */,
				52B36AC325C497D6000D6E77 /* ActivityIndicator.swift in Sources */,
				52FBC07525C474E800C94612 /* SearchBarView.swift in Sources */,
				52B3161F25C33B500021EA4D /* UserPlaceholder.swift in Sources */,
				524BCA1225C1CC4200754DE2 /* Parameters.swift in Sources */,
				52B315DF25C324230021EA4D /* DecoderPlist.swift in Sources */,
				52B3162425C33BC40021EA4D /* UserNetworkClient.swift in Sources */,
				52FBC08025C478E200C94612 /* Throttler.swift in Sources */,
				524BCA2625C1D20400754DE2 /* RepositoriesViewModel.swift in Sources */,
				5241D91F25C42834005A683E /* RepositoryCoreData.swift in Sources */,
				52FBC07025C4749200C94612 /* View.swift in Sources */,
				524BCA0625C1CAE300754DE2 /* GetRequest.swift in Sources */,
				52621F0925C1EADD00AC7BAA /* CoreDataStore.swift in Sources */,
				52621F0F25C1EC2D00AC7BAA /* RepositoryRequestFactory.swift in Sources */,
				524BC9F725C1C93400754DE2 /* URLSession.swift in Sources */,
				52D11EFD25C1F29400677012 /* UserFactory.swift in Sources */,
				52621EF425C1D5E100AC7BAA /* Dictionary.swift in Sources */,
				52B36ABB25C486C1000D6E77 /* DetailInfoView.swift in Sources */,
				524BCA1725C1CFBC00754DE2 /* NetworkResultHandler.swift in Sources */,
				524BC9A325C1BAF600754DE2 /* SceneDelegate.swift in Sources */,
				52621F1725C1EDF700AC7BAA /* RepositoryFactory.swift in Sources */,
				52FBC05B25C470A000C94612 /* MockRepositoriesViewMode.swift in Sources */,
				52B315F525C32C8E0021EA4D /* Log.swift in Sources */,
				52FBC03C25C43F2800C94612 /* UserRequestFactory.swift in Sources */,
			);
			runOnlyForDeploymentPostprocessing = 0;
		};
		524BC9AF25C1BAF900754DE2 /* Sources */ = {
			isa = PBXSourcesBuildPhase;
			buildActionMask = 2147483647;
			files = (
				524BC9B825C1BAF900754DE2 /* IdeasWorldTestTests.swift in Sources */,
			);
			runOnlyForDeploymentPostprocessing = 0;
		};
		524BC9BA25C1BAF900754DE2 /* Sources */ = {
			isa = PBXSourcesBuildPhase;
			buildActionMask = 2147483647;
			files = (
				524BC9C325C1BAF900754DE2 /* IdeasWorldTestUITests.swift in Sources */,
			);
			runOnlyForDeploymentPostprocessing = 0;
		};
/* End PBXSourcesBuildPhase section */

/* Begin PBXTargetDependency section */
		524BC9B525C1BAF900754DE2 /* PBXTargetDependency */ = {
			isa = PBXTargetDependency;
			target = 524BC99C25C1BAF500754DE2 /* IdeasWorldTest */;
			targetProxy = 524BC9B425C1BAF900754DE2 /* PBXContainerItemProxy */;
		};
		524BC9C025C1BAF900754DE2 /* PBXTargetDependency */ = {
			isa = PBXTargetDependency;
			target = 524BC99C25C1BAF500754DE2 /* IdeasWorldTest */;
			targetProxy = 524BC9BF25C1BAF900754DE2 /* PBXContainerItemProxy */;
		};
/* End PBXTargetDependency section */

/* Begin PBXVariantGroup section */
		524BC9AB25C1BAF800754DE2 /* LaunchScreen.storyboard */ = {
			isa = PBXVariantGroup;
			children = (
				524BC9AC25C1BAF800754DE2 /* Base */,
			);
			name = LaunchScreen.storyboard;
			sourceTree = "<group>";
		};
/* End PBXVariantGroup section */

/* Begin XCBuildConfiguration section */
		524BC9C525C1BAF900754DE2 /* Debug */ = {
			isa = XCBuildConfiguration;
			buildSettings = {
				ALWAYS_SEARCH_USER_PATHS = NO;
				CLANG_ANALYZER_NONNULL = YES;
				CLANG_ANALYZER_NUMBER_OBJECT_CONVERSION = YES_AGGRESSIVE;
				CLANG_CXX_LANGUAGE_STANDARD = "gnu++14";
				CLANG_CXX_LIBRARY = "libc++";
				CLANG_ENABLE_MODULES = YES;
				CLANG_ENABLE_OBJC_ARC = YES;
				CLANG_ENABLE_OBJC_WEAK = YES;
				CLANG_WARN_BLOCK_CAPTURE_AUTORELEASING = YES;
				CLANG_WARN_BOOL_CONVERSION = YES;
				CLANG_WARN_COMMA = YES;
				CLANG_WARN_CONSTANT_CONVERSION = YES;
				CLANG_WARN_DEPRECATED_OBJC_IMPLEMENTATIONS = YES;
				CLANG_WARN_DIRECT_OBJC_ISA_USAGE = YES_ERROR;
				CLANG_WARN_DOCUMENTATION_COMMENTS = YES;
				CLANG_WARN_EMPTY_BODY = YES;
				CLANG_WARN_ENUM_CONVERSION = YES;
				CLANG_WARN_INFINITE_RECURSION = YES;
				CLANG_WARN_INT_CONVERSION = YES;
				CLANG_WARN_NON_LITERAL_NULL_CONVERSION = YES;
				CLANG_WARN_OBJC_IMPLICIT_RETAIN_SELF = YES;
				CLANG_WARN_OBJC_LITERAL_CONVERSION = YES;
				CLANG_WARN_OBJC_ROOT_CLASS = YES_ERROR;
				CLANG_WARN_QUOTED_INCLUDE_IN_FRAMEWORK_HEADER = YES;
				CLANG_WARN_RANGE_LOOP_ANALYSIS = YES;
				CLANG_WARN_STRICT_PROTOTYPES = YES;
				CLANG_WARN_SUSPICIOUS_MOVE = YES;
				CLANG_WARN_UNGUARDED_AVAILABILITY = YES_AGGRESSIVE;
				CLANG_WARN_UNREACHABLE_CODE = YES;
				CLANG_WARN__DUPLICATE_METHOD_MATCH = YES;
				COPY_PHASE_STRIP = NO;
				DEBUG_INFORMATION_FORMAT = dwarf;
				ENABLE_STRICT_OBJC_MSGSEND = YES;
				ENABLE_TESTABILITY = YES;
				GCC_C_LANGUAGE_STANDARD = gnu11;
				GCC_DYNAMIC_NO_PIC = NO;
				GCC_NO_COMMON_BLOCKS = YES;
				GCC_OPTIMIZATION_LEVEL = 0;
				GCC_PREPROCESSOR_DEFINITIONS = (
					"DEBUG=1",
					"$(inherited)",
				);
				GCC_WARN_64_TO_32_BIT_CONVERSION = YES;
				GCC_WARN_ABOUT_RETURN_TYPE = YES_ERROR;
				GCC_WARN_UNDECLARED_SELECTOR = YES;
				GCC_WARN_UNINITIALIZED_AUTOS = YES_AGGRESSIVE;
				GCC_WARN_UNUSED_FUNCTION = YES;
				GCC_WARN_UNUSED_VARIABLE = YES;
				IPHONEOS_DEPLOYMENT_TARGET = 14.3;
				MTL_ENABLE_DEBUG_INFO = INCLUDE_SOURCE;
				MTL_FAST_MATH = YES;
				ONLY_ACTIVE_ARCH = YES;
				SDKROOT = iphoneos;
				SWIFT_ACTIVE_COMPILATION_CONDITIONS = DEBUG;
				SWIFT_OPTIMIZATION_LEVEL = "-Onone";
			};
			name = Debug;
		};
		524BC9C625C1BAF900754DE2 /* Release */ = {
			isa = XCBuildConfiguration;
			buildSettings = {
				ALWAYS_SEARCH_USER_PATHS = NO;
				CLANG_ANALYZER_NONNULL = YES;
				CLANG_ANALYZER_NUMBER_OBJECT_CONVERSION = YES_AGGRESSIVE;
				CLANG_CXX_LANGUAGE_STANDARD = "gnu++14";
				CLANG_CXX_LIBRARY = "libc++";
				CLANG_ENABLE_MODULES = YES;
				CLANG_ENABLE_OBJC_ARC = YES;
				CLANG_ENABLE_OBJC_WEAK = YES;
				CLANG_WARN_BLOCK_CAPTURE_AUTORELEASING = YES;
				CLANG_WARN_BOOL_CONVERSION = YES;
				CLANG_WARN_COMMA = YES;
				CLANG_WARN_CONSTANT_CONVERSION = YES;
				CLANG_WARN_DEPRECATED_OBJC_IMPLEMENTATIONS = YES;
				CLANG_WARN_DIRECT_OBJC_ISA_USAGE = YES_ERROR;
				CLANG_WARN_DOCUMENTATION_COMMENTS = YES;
				CLANG_WARN_EMPTY_BODY = YES;
				CLANG_WARN_ENUM_CONVERSION = YES;
				CLANG_WARN_INFINITE_RECURSION = YES;
				CLANG_WARN_INT_CONVERSION = YES;
				CLANG_WARN_NON_LITERAL_NULL_CONVERSION = YES;
				CLANG_WARN_OBJC_IMPLICIT_RETAIN_SELF = YES;
				CLANG_WARN_OBJC_LITERAL_CONVERSION = YES;
				CLANG_WARN_OBJC_ROOT_CLASS = YES_ERROR;
				CLANG_WARN_QUOTED_INCLUDE_IN_FRAMEWORK_HEADER = YES;
				CLANG_WARN_RANGE_LOOP_ANALYSIS = YES;
				CLANG_WARN_STRICT_PROTOTYPES = YES;
				CLANG_WARN_SUSPICIOUS_MOVE = YES;
				CLANG_WARN_UNGUARDED_AVAILABILITY = YES_AGGRESSIVE;
				CLANG_WARN_UNREACHABLE_CODE = YES;
				CLANG_WARN__DUPLICATE_METHOD_MATCH = YES;
				COPY_PHASE_STRIP = NO;
				DEBUG_INFORMATION_FORMAT = "dwarf-with-dsym";
				ENABLE_NS_ASSERTIONS = NO;
				ENABLE_STRICT_OBJC_MSGSEND = YES;
				GCC_C_LANGUAGE_STANDARD = gnu11;
				GCC_NO_COMMON_BLOCKS = YES;
				GCC_WARN_64_TO_32_BIT_CONVERSION = YES;
				GCC_WARN_ABOUT_RETURN_TYPE = YES_ERROR;
				GCC_WARN_UNDECLARED_SELECTOR = YES;
				GCC_WARN_UNINITIALIZED_AUTOS = YES_AGGRESSIVE;
				GCC_WARN_UNUSED_FUNCTION = YES;
				GCC_WARN_UNUSED_VARIABLE = YES;
				IPHONEOS_DEPLOYMENT_TARGET = 14.3;
				MTL_ENABLE_DEBUG_INFO = NO;
				MTL_FAST_MATH = YES;
				SDKROOT = iphoneos;
				SWIFT_COMPILATION_MODE = wholemodule;
				SWIFT_OPTIMIZATION_LEVEL = "-O";
				VALIDATE_PRODUCT = YES;
			};
			name = Release;
		};
		524BC9C825C1BAF900754DE2 /* Debug */ = {
			isa = XCBuildConfiguration;
			buildSettings = {
				ASSETCATALOG_COMPILER_APPICON_NAME = AppIcon;
				ASSETCATALOG_COMPILER_GLOBAL_ACCENT_COLOR_NAME = AccentColor;
				CODE_SIGN_STYLE = Automatic;
				DEVELOPMENT_ASSET_PATHS = IdeasWorldTest/PreviewData;
				DEVELOPMENT_TEAM = HBK9C6DHWM;
				INFOPLIST_FILE = IdeasWorldTest/Info.plist;
				IPHONEOS_DEPLOYMENT_TARGET = 13.0;
				LD_RUNPATH_SEARCH_PATHS = (
					"$(inherited)",
					"@executable_path/Frameworks",
				);
				PRODUCT_BUNDLE_IDENTIFIER = nikita.nikitin.com.IdeasWorldTest;
				PRODUCT_NAME = "$(TARGET_NAME)";
				SWIFT_VERSION = 5.0;
				TARGETED_DEVICE_FAMILY = "1,2";
			};
			name = Debug;
		};
		524BC9C925C1BAF900754DE2 /* Release */ = {
			isa = XCBuildConfiguration;
			buildSettings = {
				ASSETCATALOG_COMPILER_APPICON_NAME = AppIcon;
				ASSETCATALOG_COMPILER_GLOBAL_ACCENT_COLOR_NAME = AccentColor;
				CODE_SIGN_STYLE = Automatic;
				DEVELOPMENT_ASSET_PATHS = IdeasWorldTest/PreviewData;
				DEVELOPMENT_TEAM = HBK9C6DHWM;
				INFOPLIST_FILE = IdeasWorldTest/Info.plist;
				IPHONEOS_DEPLOYMENT_TARGET = 13.0;
				LD_RUNPATH_SEARCH_PATHS = (
					"$(inherited)",
					"@executable_path/Frameworks",
				);
				PRODUCT_BUNDLE_IDENTIFIER = nikita.nikitin.com.IdeasWorldTest;
				PRODUCT_NAME = "$(TARGET_NAME)";
				SWIFT_VERSION = 5.0;
				TARGETED_DEVICE_FAMILY = "1,2";
			};
			name = Release;
		};
		524BC9CB25C1BAF900754DE2 /* Debug */ = {
			isa = XCBuildConfiguration;
			buildSettings = {
				ALWAYS_EMBED_SWIFT_STANDARD_LIBRARIES = YES;
				BUNDLE_LOADER = "$(TEST_HOST)";
				CODE_SIGN_STYLE = Automatic;
				DEVELOPMENT_TEAM = HBK9C6DHWM;
				INFOPLIST_FILE = IdeasWorldTestTests/Info.plist;
				IPHONEOS_DEPLOYMENT_TARGET = 14.3;
				LD_RUNPATH_SEARCH_PATHS = (
					"$(inherited)",
					"@executable_path/Frameworks",
					"@loader_path/Frameworks",
				);
				PRODUCT_BUNDLE_IDENTIFIER = nikita.nikitin.com.IdeasWorldTestTests;
				PRODUCT_NAME = "$(TARGET_NAME)";
				SWIFT_VERSION = 5.0;
				TARGETED_DEVICE_FAMILY = "1,2";
				TEST_HOST = "$(BUILT_PRODUCTS_DIR)/IdeasWorldTest.app/IdeasWorldTest";
			};
			name = Debug;
		};
		524BC9CC25C1BAF900754DE2 /* Release */ = {
			isa = XCBuildConfiguration;
			buildSettings = {
				ALWAYS_EMBED_SWIFT_STANDARD_LIBRARIES = YES;
				BUNDLE_LOADER = "$(TEST_HOST)";
				CODE_SIGN_STYLE = Automatic;
				DEVELOPMENT_TEAM = HBK9C6DHWM;
				INFOPLIST_FILE = IdeasWorldTestTests/Info.plist;
				IPHONEOS_DEPLOYMENT_TARGET = 14.3;
				LD_RUNPATH_SEARCH_PATHS = (
					"$(inherited)",
					"@executable_path/Frameworks",
					"@loader_path/Frameworks",
				);
				PRODUCT_BUNDLE_IDENTIFIER = nikita.nikitin.com.IdeasWorldTestTests;
				PRODUCT_NAME = "$(TARGET_NAME)";
				SWIFT_VERSION = 5.0;
				TARGETED_DEVICE_FAMILY = "1,2";
				TEST_HOST = "$(BUILT_PRODUCTS_DIR)/IdeasWorldTest.app/IdeasWorldTest";
			};
			name = Release;
		};
		524BC9CE25C1BAF900754DE2 /* Debug */ = {
			isa = XCBuildConfiguration;
			buildSettings = {
				ALWAYS_EMBED_SWIFT_STANDARD_LIBRARIES = YES;
				CODE_SIGN_STYLE = Automatic;
				DEVELOPMENT_TEAM = HBK9C6DHWM;
				INFOPLIST_FILE = IdeasWorldTestUITests/Info.plist;
				LD_RUNPATH_SEARCH_PATHS = (
					"$(inherited)",
					"@executable_path/Frameworks",
					"@loader_path/Frameworks",
				);
				PRODUCT_BUNDLE_IDENTIFIER = nikita.nikitin.com.IdeasWorldTestUITests;
				PRODUCT_NAME = "$(TARGET_NAME)";
				SWIFT_VERSION = 5.0;
				TARGETED_DEVICE_FAMILY = "1,2";
				TEST_TARGET_NAME = IdeasWorldTest;
			};
			name = Debug;
		};
		524BC9CF25C1BAF900754DE2 /* Release */ = {
			isa = XCBuildConfiguration;
			buildSettings = {
				ALWAYS_EMBED_SWIFT_STANDARD_LIBRARIES = YES;
				CODE_SIGN_STYLE = Automatic;
				DEVELOPMENT_TEAM = HBK9C6DHWM;
				INFOPLIST_FILE = IdeasWorldTestUITests/Info.plist;
				LD_RUNPATH_SEARCH_PATHS = (
					"$(inherited)",
					"@executable_path/Frameworks",
					"@loader_path/Frameworks",
				);
				PRODUCT_BUNDLE_IDENTIFIER = nikita.nikitin.com.IdeasWorldTestUITests;
				PRODUCT_NAME = "$(TARGET_NAME)";
				SWIFT_VERSION = 5.0;
				TARGETED_DEVICE_FAMILY = "1,2";
				TEST_TARGET_NAME = IdeasWorldTest;
			};
			name = Release;
		};
/* End XCBuildConfiguration section */

/* Begin XCConfigurationList section */
		524BC99825C1BAF500754DE2 /* Build configuration list for PBXProject "IdeasWorldTest" */ = {
			isa = XCConfigurationList;
			buildConfigurations = (
				524BC9C525C1BAF900754DE2 /* Debug */,
				524BC9C625C1BAF900754DE2 /* Release */,
			);
			defaultConfigurationIsVisible = 0;
			defaultConfigurationName = Release;
		};
		524BC9C725C1BAF900754DE2 /* Build configuration list for PBXNativeTarget "IdeasWorldTest" */ = {
			isa = XCConfigurationList;
			buildConfigurations = (
				524BC9C825C1BAF900754DE2 /* Debug */,
				524BC9C925C1BAF900754DE2 /* Release */,
			);
			defaultConfigurationIsVisible = 0;
			defaultConfigurationName = Release;
		};
		524BC9CA25C1BAF900754DE2 /* Build configuration list for PBXNativeTarget "IdeasWorldTestTests" */ = {
			isa = XCConfigurationList;
			buildConfigurations = (
				524BC9CB25C1BAF900754DE2 /* Debug */,
				524BC9CC25C1BAF900754DE2 /* Release */,
			);
			defaultConfigurationIsVisible = 0;
			defaultConfigurationName = Release;
		};
		524BC9CD25C1BAF900754DE2 /* Build configuration list for PBXNativeTarget "IdeasWorldTestUITests" */ = {
			isa = XCConfigurationList;
			buildConfigurations = (
				524BC9CE25C1BAF900754DE2 /* Debug */,
				524BC9CF25C1BAF900754DE2 /* Release */,
			);
			defaultConfigurationIsVisible = 0;
			defaultConfigurationName = Release;
		};
/* End XCConfigurationList section */

/* Begin XCVersionGroup section */
		52621F0225C1E37900AC7BAA /* DataBase.xcdatamodeld */ = {
			isa = XCVersionGroup;
			children = (
				52621F0325C1E37900AC7BAA /* DataBase.xcdatamodel */,
			);
			currentVersion = 52621F0325C1E37900AC7BAA /* DataBase.xcdatamodel */;
			path = DataBase.xcdatamodeld;
			sourceTree = "<group>";
			versionGroupType = wrapper.xcdatamodel;
		};
/* End XCVersionGroup section */
	};
	rootObject = 524BC99525C1BAF500754DE2 /* Project object */;
}
